
Microsoft Visual Studio Solution File, Format Version 12.00
# Visual Studio 15
VisualStudioVersion = 15.0.28307.1145
MinimumVisualStudioVersion = 10.0.40219.1
Project("{FAE04EC0-301F-11D3-BF4B-00C04F79EFBC}") = "DontDisableMyEthernet", "DontDisableMyEthernet\DontDisableMyEthernet.csproj", "{B3FAAD87-22A3-41BD-8EDF-95B7CD95D9DA}"
EndProject
Project("{FAE04EC0-301F-11D3-BF4B-00C04F79EFBC}") = "DontDisableMyEthernetService", "DontDisableMyEthernetService\DontDisableMyEthernetService.csproj", "{73DFF45D-81FB-4556-A0DF-855DFE06D0F5}"
EndProject
Project("{FAE04EC0-301F-11D3-BF4B-00C04F79EFBC}") = "Core", "Core\Core.csproj", "{74888D22-86FC-44DD-A2A7-6153F8296501}"
EndProject
Global
	GlobalSection(SolutionConfigurationPlatforms) = preSolution
		Debug|Any CPU = Debug|Any CPU
		Release|Any CPU = Release|Any CPU
	EndGlobalSection
	GlobalSection(ProjectConfigurationPlatforms) = postSolution
		{B3FAAD87-22A3-41BD-8EDF-95B7CD95D9DA}.Debug|Any CPU.ActiveCfg = Debug|Any CPU
		{B3FAAD87-22A3-41BD-8EDF-95B7CD95D9DA}.Debug|Any CPU.Build.0 = Debug|Any CPU
		{B3FAAD87-22A3-41BD-8EDF-95B7CD95D9DA}.Release|Any CPU.ActiveCfg = Release|Any CPU
		{B3FAAD87-22A3-41BD-8EDF-95B7CD95D9DA}.Release|Any CPU.Build.0 = Release|Any CPU
		{73DFF45D-81FB-4556-A0DF-855DFE06D0F5}.Debug|Any CPU.ActiveCfg = Debug|Any CPU
		{73DFF45D-81FB-4556-A0DF-855DFE06D0F5}.Debug|Any CPU.Build.0 = Debug|Any CPU
		{73DFF45D-81FB-4556-A0DF-855DFE06D0F5}.Release|Any CPU.ActiveCfg = Release|Any CPU
		{73DFF45D-81FB-4556-A0DF-855DFE06D0F5}.Release|Any CPU.Build.0 = Release|Any CPU
		{74888D22-86FC-44DD-A2A7-6153F8296501}.Debug|Any CPU.ActiveCfg = Debug|Any CPU
		{74888D22-86FC-44DD-A2A7-6153F8296501}.Debug|Any CPU.Build.0 = Debug|Any CPU
		{74888D22-86FC-44DD-A2A7-6153F8296501}.Release|Any CPU.ActiveCfg = Release|Any CPU
		{74888D22-86FC-44DD-A2A7-6153F8296501}.Release|Any CPU.Build.0 = Release|Any CPU
	EndGlobalSection
	GlobalSection(SolutionProperties) = preSolution
		HideSolutionNode = FALSE
	EndGlobalSection
	GlobalSection(ExtensibilityGlobals) = postSolution
		SolutionGuid = {2DAACB1D-1033-470E-AA37-089C02A58727}
	EndGlobalSection
	GlobalSection(TeamFoundationVersionControl) = preSolution
		SccNumberOfProjects = 4
		SccEnterpriseProvider = {4CA58AB2-18FA-4F8D-95D4-32DDF27D184C}
		SccTeamFoundationServer = http://sgdctfs:8080/tfs/sgdc
		SccLocalPath0 = .
		SccProjectUniqueName1 = DontDisableMyEthernet\\DontDisableMyEthernet.csproj
		SccProjectName1 = DontDisableMyEthernet
		SccLocalPath1 = DontDisableMyEthernet
		SccProjectUniqueName2 = DontDisableMyEthernetService\\DontDisableMyEthernetService.csproj
		SccProjectName2 = DontDisableMyEthernetService
		SccLocalPath2 = DontDisableMyEthernetService
		SccProjectUniqueName3 = Core\\Core.csproj
		SccProjectName3 = Core
		SccLocalPath3 = Core
	EndGlobalSection
EndGlobal
